entgo.io/ent v0.14.5 h1:Rj2WOYJtCkWyFo6a+5wB3EfBRP0rnx1fMk6gGA0UUe4=
entgo.io/ent v0.14.5/go.mod h1:zTzLmWtPvGpmSwtkaayM2cm5m819NdM7z7tYPq3vN0U=
github.com/DATA-DOG/go-sqlmock v1.5.0 h1:Shsta01QNfFxHCfpW6YH2STWB0MudeXXEWMr20OEh60=
github.com/DATA-DOG/go-sqlmock v1.5.0/go.mod h1:f/Ixk793poVmq4qj/V1dPUg2JEAKC73Q5eFN3EC/SaM=
github.com/davecgh/go-spew v1.1.1 h1:vj9j/u1bqnvCEfJOwUhtlOARqs3+rkHYY13jYWTU97c=
github.com/davecgh/go-spew v1.1.1/go.mod h1:J7Y8YcW2NihsgmVo/mv3lAwl/skON4iLHjSsI+c5H38=
github.com/google/go-cmp v0.7.0 h1:wk8382ETsv4JYUZwIsn6YpYiWiBsYLSJiTsyBybVuN8=
github.com/google/go-cmp v0.7.0/go.mod h1:pXiqmnSA92OHEEa9HXL2W4E7lf9JzCmGVUdgjX3N/iU=
github.com/google/uuid v1.6.0 h1:NIvaJDMOsjHA8n1jAhLSgzrAzy1Hgr+hNrb57e+94F0=
github.com/google/uuid v1.6.0/go.mod h1:TIyPZe4MgqvfeYDBFedMoGGpEw/LqOeaOT+nhxU+yHo=
github.com/lesomnus/protobuf-patch v0.0.0-20260802160440-fd311bd9388b h1:/VcsS6jUUEOvnbP4lP9jCE4aA7li7O5RGyjADKKHn3I=
github.com/lesomnus/protobuf-patch v0.0.0-20260802160440-fd311bd9388b/go.mod h1:0sqL1bt/0v8atiVioyoJ25XQnZcn8zA9GYM1DvC4i5o=
github.com/lesomnus/protobuf-patch v0.0.0-20260803070125-75159a5efcba h1:jc40Sz1fhGgF+pfM3215F7EfKkR/2GBGayXasFpP0b4=
github.com/lesomnus/protobuf-patch v0.0.0-20260803070125-75159a5efcba/go.mod h1:0sqL1bt/0v8atiVioyoJ25XQnZcn8zA9GYM1DvC4i5o=
github.com/lesomnus/protobuf-patch v0.0.0-20260803175157-e1b7a0c2804f h1:hIDTEG7vZCJ5M+j+OhI97pk6Q1mp1t3gXi1k96IB9f0=
github.com/lesomnus/protobuf-patch v0.0.0-20260803175157-e1b7a0c2804f/go.mod h1:0sqL1bt/0v8atiVioyoJ25XQnZcn8zA9GYM1DvC4i5o=
github.com/pmezard/go-difflib v1.0.0 h1:4DBwDE0NGyQoBHbLQYPwSUPoCMWR5BEzIk/f1lZbAQM=
github.com/pmezard/go-difflib v1.0.0/go.mod h1:iKH77koFhYxTK1pcRnkKkqfTogsbg7gZNVY4sRDYZ/4=
github.com/protobuf-orm/protobuf-orm v0.0.0-20260802191303-9fc21749e515 h1:l9oaBL+kEnuKhdrOQyzZwVt527AbYWEV6tGXwsOUwAA=
github.com/protobuf-orm/protobuf-orm v0.0.0-20260802191303-9fc21749e515/go.mod h1:756UERJEwxtY2ztk1xN0C6DlWNwIMRGMX2RK9n4lh+0=
github.com/protobuf-orm/protobuf-orm v0.0.0-20260803070323-3d16565c3a32 h1:oUE6z3QFgFnsdrcyCPfc7U6hU0OIudJzWH7Un0J2K9c=
github.com/protobuf-orm/protobuf-orm v0.0.0-20260803070323-3d16565c3a32/go.mod h1:pdAt8zLgIF5xigQV7AgW7C1ZXcHCZt+6rGyVtcq5KBA=
github.com/protobuf-orm/protobuf-orm v0.0.0-20260803175457-3d185635f291 h1:qOKxUVqEMu9uZjGQdinw0vpHf6uT0hzR+UkTqsFiEtM=
github.com/protobuf-orm/protobuf-orm v0.0.0-20260803175457-3d185635f291/go.mod h1:jMdK+un3aGD6fB5zl3rBg0OMahe7vP5Dpfxe6Sws7mM=
github.com/stretchr/testify v1.10.0 h1:Xv5erBjTwe/5IxqUQTdXv5kgmIvbHo3QQyRwhJsOfJA=
github.com/stretchr/testify v1.10.0/go.mod h1:r2ic/lqez/lEtzL7wO/rwa5dbSLXVDPFyf8C91i36aY=
google.golang.org/protobuf v1.36.11 h1:fV6ZwhNocDyBLK0dj+fg8ektcVegBBuEolpbTQyBNVE=
google.golang.org/protobuf v1.36.11/go.mod h1:HTf+CrKn2C3g5S8VImy6tdcUvCska2kB7j23XfzDpco=
gopkg.in/yaml.v3 v3.0.1 h1:fxVm/GzAzEWqLHuvctI91KS9hhNmmWOoWu0XTYJS7CA=
gopkg.in/yaml.v3 v3.0.1/go.mod h1:K4uyk7z7BCEPqu6E+C64Yfv1cQ7kz7rIZviUmN+EgEM=
